
Microsoft Visual Studio Solution File, Format Version 12.00
# Visual Studio Version 16
VisualStudioVersion = 16.0.29519.181
MinimumVisualStudioVersion = 10.0.40219.1
Project("{FAE04EC0-301F-11D3-BF4B-00C04F79EFBC}") = "CustomerManagementAPI", "CustomerManagementAPI\CustomerManagementAPI.csproj", "{E51EFD70-DD1B-46AA-9885-3D338F976C6B}"
EndProject
Global
	GlobalSection(SolutionConfigurationPlatforms) = preSolution
		Debug|Any CPU = Debug|Any CPU
		Release|Any CPU = Release|Any CPU
	EndGlobalSection
	GlobalSection(ProjectConfigurationPlatforms) = postSolution
		{E51EFD70-DD1B-46AA-9885-3D338F976C6B}.Debug|Any CPU.ActiveCfg = Debug|Any CPU
		{E51EFD70-DD1B-46AA-9885-3D338F976C6B}.Debug|Any CPU.Build.0 = Debug|Any CPU
		{E51EFD70-DD1B-46AA-9885-3D338F976C6B}.Release|Any CPU.ActiveCfg = Release|Any CPU
		{E51EFD70-DD1B-46AA-9885-3D338F976C6B}.Release|Any CPU.Build.0 = Release|Any CPU
	EndGlobalSection
	GlobalSection(SolutionProperties) = preSolution
		HideSolutionNode = FALSE
	EndGlobalSection
	GlobalSection(ExtensibilityGlobals) = postSolution
		SolutionGuid = {6DECFF22-B1CA-4A27-B289-C50BF0F6A430}
	EndGlobalSection
EndGlobal
